
Microsoft Visual Studio Solution File, Format Version 12.00
Project("{2150E333-8FDC-42A3-9474-1A3956D46DE8}") = "src", "src", "{4CEFB583-0BBF-4655-8D0B-EC4214E2A1D1}"
EndProject
Project("{2150E333-8FDC-42A3-9474-1A3956D46DE8}") = "tests", "tests", "{1986B10F-6CFA-4587-8C7D-432A3DA4216C}"
EndProject
Project("{2150E333-8FDC-42A3-9474-1A3956D46DE8}") = "Domain", "Domain", "{1ABD3CEF-3A6A-4C08-9D83-7EC6A04433C2}"
EndProject
Project("{FAE04EC0-301F-11D3-BF4B-00C04F79EFBC}") = "Domain.Common", "src\Domain\Domain.Common\Domain.Common.csproj", "{DDDF1AD2-710C-4AB6-B73F-A8F591B7414A}"
EndProject
Project("{FAE04EC0-301F-11D3-BF4B-00C04F79EFBC}") = "Domain.Core", "src\Domain\Domain.Core\Domain.Core.csproj", "{8CB48157-5F6F-4151-9434-14B066CB923E}"
EndProject
Project("{2150E333-8FDC-42A3-9474-1A3956D46DE8}") = "Infrastructure", "Infrastructure", "{85DD4811-5599-414F-8E78-4A15854CFE9D}"
EndProject
Project("{FAE04EC0-301F-11D3-BF4B-00C04F79EFBC}") = "DataAccess", "src\Infrastructure\DataAccess\DataAccess.csproj", "{C88B1E92-1484-42F7-B964-9935A4373E5E}"
EndProject
Project("{2150E333-8FDC-42A3-9474-1A3956D46DE8}") = "Application", "Application", "{224A60BA-B437-49FF-9790-43008DEE4450}"
EndProject
Project("{FAE04EC0-301F-11D3-BF4B-00C04F79EFBC}") = "DataAccess.Contracts", "src\Application\DataAccess.Contracts\DataAccess.Contracts.csproj", "{C2FE1106-0616-4273-B251-9BCC0D58657C}"
EndProject
Project("{2150E333-8FDC-42A3-9474-1A3956D46DE8}") = "Playground", "Playground", "{C07779D9-B9B4-4337-9DF1-CB1C2C35290C}"
EndProject
Project("{FAE04EC0-301F-11D3-BF4B-00C04F79EFBC}") = "Authentication", "src\Infrastructure\Authentication\Authentication.csproj", "{1D32E93B-7AE8-466E-AEE6-ABBCAB163114}"
EndProject
Project("{2150E333-8FDC-42A3-9474-1A3956D46DE8}") = "Presentation", "Presentation", "{36E9AFA2-BBAE-454F-ACDE-1FEEED49F195}"
EndProject
Project("{FAE04EC0-301F-11D3-BF4B-00C04F79EFBC}") = "WebAPI", "src\Presentation\WebAPI\WebAPI.csproj", "{3CAAC09A-5769-46C8-92EF-82442B857767}"
EndProject
Project("{FAE04EC0-301F-11D3-BF4B-00C04F79EFBC}") = "Core", "src\Application\Core\Core.csproj", "{EDECACD0-841B-4FAF-BFCD-D249F36A3C15}"
EndProject
Project("{FAE04EC0-301F-11D3-BF4B-00C04F79EFBC}") = "Handlers", "src\Application\Handlers\Handlers.csproj", "{DBE88EE0-A28C-48BF-A58C-143FC1D5A4C8}"
EndProject
Project("{FAE04EC0-301F-11D3-BF4B-00C04F79EFBC}") = "Contracts", "src\Application\Contracts\Contracts.csproj", "{FF91694A-C9E0-442B-B554-8C803B0D272A}"
EndProject
Project("{FAE04EC0-301F-11D3-BF4B-00C04F79EFBC}") = "Endpoints", "src\Presentation\Endpoints\Endpoints.csproj", "{0A6D4145-E472-445A-9ED5-C50897BBB411}"
EndProject
Project("{FAE04EC0-301F-11D3-BF4B-00C04F79EFBC}") = "Mapping", "src\Application\Mapping\Mapping.csproj", "{79016ED8-0749-4EAE-89D6-0157F7F4FC6A}"
EndProject
Global
	GlobalSection(SolutionConfigurationPlatforms) = preSolution
		Debug|Any CPU = Debug|Any CPU
		Release|Any CPU = Release|Any CPU
	EndGlobalSection
	GlobalSection(NestedProjects) = preSolution
		{1ABD3CEF-3A6A-4C08-9D83-7EC6A04433C2} = {4CEFB583-0BBF-4655-8D0B-EC4214E2A1D1}
		{DDDF1AD2-710C-4AB6-B73F-A8F591B7414A} = {1ABD3CEF-3A6A-4C08-9D83-7EC6A04433C2}
		{8CB48157-5F6F-4151-9434-14B066CB923E} = {1ABD3CEF-3A6A-4C08-9D83-7EC6A04433C2}
		{85DD4811-5599-414F-8E78-4A15854CFE9D} = {4CEFB583-0BBF-4655-8D0B-EC4214E2A1D1}
		{C88B1E92-1484-42F7-B964-9935A4373E5E} = {85DD4811-5599-414F-8E78-4A15854CFE9D}
		{224A60BA-B437-49FF-9790-43008DEE4450} = {4CEFB583-0BBF-4655-8D0B-EC4214E2A1D1}
		{C2FE1106-0616-4273-B251-9BCC0D58657C} = {224A60BA-B437-49FF-9790-43008DEE4450}
		{C07779D9-B9B4-4337-9DF1-CB1C2C35290C} = {4CEFB583-0BBF-4655-8D0B-EC4214E2A1D1}
		{1D32E93B-7AE8-466E-AEE6-ABBCAB163114} = {85DD4811-5599-414F-8E78-4A15854CFE9D}
		{36E9AFA2-BBAE-454F-ACDE-1FEEED49F195} = {4CEFB583-0BBF-4655-8D0B-EC4214E2A1D1}
		{3CAAC09A-5769-46C8-92EF-82442B857767} = {36E9AFA2-BBAE-454F-ACDE-1FEEED49F195}
		{EDECACD0-841B-4FAF-BFCD-D249F36A3C15} = {224A60BA-B437-49FF-9790-43008DEE4450}
		{DBE88EE0-A28C-48BF-A58C-143FC1D5A4C8} = {224A60BA-B437-49FF-9790-43008DEE4450}
		{FF91694A-C9E0-442B-B554-8C803B0D272A} = {224A60BA-B437-49FF-9790-43008DEE4450}
		{0A6D4145-E472-445A-9ED5-C50897BBB411} = {36E9AFA2-BBAE-454F-ACDE-1FEEED49F195}
		{79016ED8-0749-4EAE-89D6-0157F7F4FC6A} = {224A60BA-B437-49FF-9790-43008DEE4450}
	EndGlobalSection
	GlobalSection(ProjectConfigurationPlatforms) = postSolution
		{DDDF1AD2-710C-4AB6-B73F-A8F591B7414A}.Debug|Any CPU.ActiveCfg = Debug|Any CPU
		{DDDF1AD2-710C-4AB6-B73F-A8F591B7414A}.Debug|Any CPU.Build.0 = Debug|Any CPU
		{DDDF1AD2-710C-4AB6-B73F-A8F591B7414A}.Release|Any CPU.ActiveCfg = Release|Any CPU
		{DDDF1AD2-710C-4AB6-B73F-A8F591B7414A}.Release|Any CPU.Build.0 = Release|Any CPU
		{8CB48157-5F6F-4151-9434-14B066CB923E}.Debug|Any CPU.ActiveCfg = Debug|Any CPU
		{8CB48157-5F6F-4151-9434-14B066CB923E}.Debug|Any CPU.Build.0 = Debug|Any CPU
		{8CB48157-5F6F-4151-9434-14B066CB923E}.Release|Any CPU.ActiveCfg = Release|Any CPU
		{8CB48157-5F6F-4151-9434-14B066CB923E}.Release|Any CPU.Build.0 = Release|Any CPU
		{C88B1E92-1484-42F7-B964-9935A4373E5E}.Debug|Any CPU.ActiveCfg = Debug|Any CPU
		{C88B1E92-1484-42F7-B964-9935A4373E5E}.Debug|Any CPU.Build.0 = Debug|Any CPU
		{C88B1E92-1484-42F7-B964-9935A4373E5E}.Release|Any CPU.ActiveCfg = Release|Any CPU
		{C88B1E92-1484-42F7-B964-9935A4373E5E}.Release|Any CPU.Build.0 = Release|Any CPU
		{C2FE1106-0616-4273-B251-9BCC0D58657C}.Debug|Any CPU.ActiveCfg = Debug|Any CPU
		{C2FE1106-0616-4273-B251-9BCC0D58657C}.Debug|Any CPU.Build.0 = Debug|Any CPU
		{C2FE1106-0616-4273-B251-9BCC0D58657C}.Release|Any CPU.ActiveCfg = Release|Any CPU
		{C2FE1106-0616-4273-B251-9BCC0D58657C}.Release|Any CPU.Build.0 = Release|Any CPU
		{1D32E93B-7AE8-466E-AEE6-ABBCAB163114}.Debug|Any CPU.ActiveCfg = Debug|Any CPU
		{1D32E93B-7AE8-466E-AEE6-ABBCAB163114}.Debug|Any CPU.Build.0 = Debug|Any CPU
		{1D32E93B-7AE8-466E-AEE6-ABBCAB163114}.Release|Any CPU.ActiveCfg = Release|Any CPU
		{1D32E93B-7AE8-466E-AEE6-ABBCAB163114}.Release|Any CPU.Build.0 = Release|Any CPU
		{3CAAC09A-5769-46C8-92EF-82442B857767}.Debug|Any CPU.ActiveCfg = Debug|Any CPU
		{3CAAC09A-5769-46C8-92EF-82442B857767}.Debug|Any CPU.Build.0 = Debug|Any CPU
		{3CAAC09A-5769-46C8-92EF-82442B857767}.Release|Any CPU.ActiveCfg = Release|Any CPU
		{3CAAC09A-5769-46C8-92EF-82442B857767}.Release|Any CPU.Build.0 = Release|Any CPU
		{EDECACD0-841B-4FAF-BFCD-D249F36A3C15}.Debug|Any CPU.ActiveCfg = Debug|Any CPU
		{EDECACD0-841B-4FAF-BFCD-D249F36A3C15}.Debug|Any CPU.Build.0 = Debug|Any CPU
		{EDECACD0-841B-4FAF-BFCD-D249F36A3C15}.Release|Any CPU.ActiveCfg = Release|Any CPU
		{EDECACD0-841B-4FAF-BFCD-D249F36A3C15}.Release|Any CPU.Build.0 = Release|Any CPU
		{DBE88EE0-A28C-48BF-A58C-143FC1D5A4C8}.Debug|Any CPU.ActiveCfg = Debug|Any CPU
		{DBE88EE0-A28C-48BF-A58C-143FC1D5A4C8}.Debug|Any CPU.Build.0 = Debug|Any CPU
		{DBE88EE0-A28C-48BF-A58C-143FC1D5A4C8}.Release|Any CPU.ActiveCfg = Release|Any CPU
		{DBE88EE0-A28C-48BF-A58C-143FC1D5A4C8}.Release|Any CPU.Build.0 = Release|Any CPU
		{FF91694A-C9E0-442B-B554-8C803B0D272A}.Debug|Any CPU.ActiveCfg = Debug|Any CPU
		{FF91694A-C9E0-442B-B554-8C803B0D272A}.Debug|Any CPU.Build.0 = Debug|Any CPU
		{FF91694A-C9E0-442B-B554-8C803B0D272A}.Release|Any CPU.ActiveCfg = Release|Any CPU
		{FF91694A-C9E0-442B-B554-8C803B0D272A}.Release|Any CPU.Build.0 = Release|Any CPU
		{0A6D4145-E472-445A-9ED5-C50897BBB411}.Debug|Any CPU.ActiveCfg = Debug|Any CPU
		{0A6D4145-E472-445A-9ED5-C50897BBB411}.Debug|Any CPU.Build.0 = Debug|Any CPU
		{0A6D4145-E472-445A-9ED5-C50897BBB411}.Release|Any CPU.ActiveCfg = Release|Any CPU
		{0A6D4145-E472-445A-9ED5-C50897BBB411}.Release|Any CPU.Build.0 = Release|Any CPU
		{79016ED8-0749-4EAE-89D6-0157F7F4FC6A}.Debug|Any CPU.ActiveCfg = Debug|Any CPU
		{79016ED8-0749-4EAE-89D6-0157F7F4FC6A}.Debug|Any CPU.Build.0 = Debug|Any CPU
		{79016ED8-0749-4EAE-89D6-0157F7F4FC6A}.Release|Any CPU.ActiveCfg = Release|Any CPU
		{79016ED8-0749-4EAE-89D6-0157F7F4FC6A}.Release|Any CPU.Build.0 = Release|Any CPU
	EndGlobalSection
EndGlobal
